{
  "lockfile-version": 1,
  "manifest": {
    "version": 1,
    "install": {
      "gnumake": {
        "pkg-path": "gnumake"
      },
      "go": {
        "pkg-path": "go",
        "version": "^1.13"
      }
    },
    "hook": {
      "on-activate": "  # Autogenerated by Flox\n\n  # Point GOENV to Flox environment cache\n  export GOENV=\"$FLOX_ENV_CACHE/goenv\"\n\n  # Install Go dependencies\n  go get .\n\n  # End autogenerated by Flox\n"
    },
    "profile": {},
    "options": {
      "systems": [
        "aarch64-darwin",
        "aarch64-linux",
        "x86_64-darwin",
        "x86_64-linux"
      ]
    },
    "build": {
      "echoip": {
        "command": "  GOPATH=$out go install ./cmd/echoip\n  chmod -R +w $out/pkg\n  rm -rf $out/pkg\n",
        "version": "file:VERSION"
      }
    }
  },
  "packages": [
    {
      "attr_path": "gnumake",
      "broken": false,
      "derivation": "/nix/store/897qgbbiqskfickkdbv2k1cm6i8hx5w7-gnumake-4.4.1.drv",
      "description": "Tool to control the generation of non-source files from sources",
      "install_id": "gnumake",
      "license": "GPL-3.0-or-later",
      "locked_url": "https://github.com/flox/nixpkgs?rev=2c8d3f48d33929642c1c12cd243df4cc7d2ce434",
      "name": "gnumake-4.4.1",
      "pname": "gnumake",
      "rev": "2c8d3f48d33929642c1c12cd243df4cc7d2ce434",
      "rev_count": 778048,
      "rev_date": "2025-04-02T08:40:04Z",
      "scrape_date": "2025-04-03T01:11:03.431899Z",
      "stabilities": [
        "unstable"
      ],
      "unfree": false,
      "version": "4.4.1",
      "outputs_to_install": [
        "man",
        "out"
      ],
      "outputs": {
        "info": "/nix/store/c5jccx4albc6g0fcxa4ghwg27945fnby-gnumake-4.4.1-info",
        "man": "/nix/store/mvygvl0jxvci87m9j9r393ri5jsz2ybq-gnumake-4.4.1-man",
        "out": "/nix/store/cnkfqpa3kyi3mgk0yd8lqbrdysq7j38q-gnumake-4.4.1"
      },
      "system": "aarch64-darwin",
      "group": "toplevel",
      "priority": 5
    },
    {
      "attr_path": "gnumake",
      "broken": false,
      "derivation": "/nix/store/1w8mkkppb9qx6y489fr6baf6sjcwz25f-gnumake-4.4.1.drv",
      "description": "Tool to control the generation of non-source files from sources",
      "install_id": "gnumake",
      "license": "GPL-3.0-or-later",
      "locked_url": "https://github.com/flox/nixpkgs?rev=2c8d3f48d33929642c1c12cd243df4cc7d2ce434",
      "name": "gnumake-4.4.1",
      "pname": "gnumake",
      "rev": "2c8d3f48d33929642c1c12cd243df4cc7d2ce434",
      "rev_count": 778048,
      "rev_date": "2025-04-02T08:40:04Z",
      "scrape_date": "2025-04-03T01:28:47.425441Z",
      "stabilities": [
        "unstable"
      ],
      "unfree": false,
      "version": "4.4.1",
      "outputs_to_install": [
        "man",
        "out"
      ],
      "outputs": {
        "debug": "/nix/store/yrfbzz0whhvibv18f2zb6a4l671ryrdk-gnumake-4.4.1-debug",
        "info": "/nix/store/crfkqwk94z3mvshp5yigwgayxypr7rzr-gnumake-4.4.1-info",
        "man": "/nix/store/a5lgpaf6b9rm3czp8bv6fw84152rsk08-gnumake-4.4.1-man",
        "out": "/nix/store/jp96c7glhd39jvym2qxrrqbyjlbn4jg8-gnumake-4.4.1"
      },
      "system": "aarch64-linux",
      "group": "toplevel",
      "priority": 5
    },
    {
      "attr_path": "gnumake",
      "broken": false,
      "derivation": "/nix/store/90dva6ghca1npg5qjp3l78mkl26nm8yd-gnumake-4.4.1.drv",
      "description": "Tool to control the generation of non-source files from sources",
      "install_id": "gnumake",
      "license": "GPL-3.0-or-later",
      "locked_url": "https://github.com/flox/nixpkgs?rev=2c8d3f48d33929642c1c12cd243df4cc7d2ce434",
      "name": "gnumake-4.4.1",
      "pname": "gnumake",
      "rev": "2c8d3f48d33929642c1c12cd243df4cc7d2ce434",
      "rev_count": 778048,
      "rev_date": "2025-04-02T08:40:04Z",
      "scrape_date": "2025-04-03T01:45:00.169131Z",
      "stabilities": [
        "unstable"
      ],
      "unfree": false,
      "version": "4.4.1",
      "outputs_to_install": [
        "man",
        "out"
      ],
      "outputs": {
        "info": "/nix/store/sqzsgjrslilvvs25b1rwkxr0vqwgy4n5-gnumake-4.4.1-info",
        "man": "/nix/store/xk3mk8ilcibjnh3yhakmii8drsxy25p3-gnumake-4.4.1-man",
        "out": "/nix/store/yfkp7d7jj5m467qrss5p1c26j8pbqmx9-gnumake-4.4.1"
      },
      "system": "x86_64-darwin",
      "group": "toplevel",
      "priority": 5
    },
    {
      "attr_path": "gnumake",
      "broken": false,
      "derivation": "/nix/store/smmbdypz6jpj72190zwm0d65fs5hp34y-gnumake-4.4.1.drv",
      "description": "Tool to control the generation of non-source files from sources",
      "install_id": "gnumake",
      "license": "GPL-3.0-or-later",
      "locked_url": "https://github.com/flox/nixpkgs?rev=2c8d3f48d33929642c1c12cd243df4cc7d2ce434",
      "name": "gnumake-4.4.1",
      "pname": "gnumake",
      "rev": "2c8d3f48d33929642c1c12cd243df4cc7d2ce434",
      "rev_count": 778048,
      "rev_date": "2025-04-02T08:40:04Z",
      "scrape_date": "2025-04-03T02:04:25.450209Z",
      "stabilities": [
        "unstable"
      ],
      "unfree": false,
      "version": "4.4.1",
      "outputs_to_install": [
        "man",
        "out"
      ],
      "outputs": {
        "debug": "/nix/store/40rj5d3igp9fb80r4pg3gnkzj338rffa-gnumake-4.4.1-debug",
        "info": "/nix/store/33lvx5blf6ms1b6ynaln49hx1xksypxf-gnumake-4.4.1-info",
        "man": "/nix/store/y87b22iwv64wrfpgyii4gjgbhcfqq0mi-gnumake-4.4.1-man",
        "out": "/nix/store/k0hhyz6qnj5065vpw15m4r7nbs0mn706-gnumake-4.4.1"
      },
      "system": "x86_64-linux",
      "group": "toplevel",
      "priority": 5
    },
    {
      "attr_path": "go",
      "broken": false,
      "derivation": "/nix/store/p823p8i547lj7yp3yr2b5i12a4wnwby6-go-1.24.1.drv",
      "description": "Go Programming language",
      "install_id": "go",
      "license": "BSD-3-Clause",
      "locked_url": "https://github.com/flox/nixpkgs?rev=2c8d3f48d33929642c1c12cd243df4cc7d2ce434",
      "name": "go-1.24.1",
      "pname": "go",
      "rev": "2c8d3f48d33929642c1c12cd243df4cc7d2ce434",
      "rev_count": 778048,
      "rev_date": "2025-04-02T08:40:04Z",
      "scrape_date": "2025-04-03T01:11:03.438209Z",
      "stabilities": [
        "unstable"
      ],
      "unfree": false,
      "version": "1.24.1",
      "outputs_to_install": [
        "out"
      ],
      "outputs": {
        "out": "/nix/store/jp3z5jp9gaxsw7fdzbqn29aabmrxq62j-go-1.24.1"
      },
      "system": "aarch64-darwin",
      "group": "toplevel",
      "priority": 5
    },
    {
      "attr_path": "go",
      "broken": false,
      "derivation": "/nix/store/5difmnrawi0hf4a7vsz0my25ivf34khi-go-1.24.1.drv",
      "description": "Go Programming language",
      "install_id": "go",
      "license": "BSD-3-Clause",
      "locked_url": "https://github.com/flox/nixpkgs?rev=2c8d3f48d33929642c1c12cd243df4cc7d2ce434",
      "name": "go-1.24.1",
      "pname": "go",
      "rev": "2c8d3f48d33929642c1c12cd243df4cc7d2ce434",
      "rev_count": 778048,
      "rev_date": "2025-04-02T08:40:04Z",
      "scrape_date": "2025-04-03T01:28:47.436489Z",
      "stabilities": [
        "unstable"
      ],
      "unfree": false,
      "version": "1.24.1",
      "outputs_to_install": [
        "out"
      ],
      "outputs": {
        "out": "/nix/store/6zvrmsmdg7p8yw3vii20g40b4zsh6kjr-go-1.24.1"
      },
      "system": "aarch64-linux",
      "group": "toplevel",
      "priority": 5
    },
    {
      "attr_path": "go",
      "broken": false,
      "derivation": "/nix/store/992wk5rpadggrac2hyv44w4wvw4gpmxl-go-1.24.1.drv",
      "description": "Go Programming language",
      "install_id": "go",
      "license": "BSD-3-Clause",
      "locked_url": "https://github.com/flox/nixpkgs?rev=2c8d3f48d33929642c1c12cd243df4cc7d2ce434",
      "name": "go-1.24.1",
      "pname": "go",
      "rev": "2c8d3f48d33929642c1c12cd243df4cc7d2ce434",
      "rev_count": 778048,
      "rev_date": "2025-04-02T08:40:04Z",
      "scrape_date": "2025-04-03T01:45:00.175614Z",
      "stabilities": [
        "unstable"
      ],
      "unfree": false,
      "version": "1.24.1",
      "outputs_to_install": [
        "out"
      ],
      "outputs": {
        "out": "/nix/store/2bcic1xcha2k11djynr488v3pg0nnghr-go-1.24.1"
      },
      "system": "x86_64-darwin",
      "group": "toplevel",
      "priority": 5
    },
    {
      "attr_path": "go",
      "broken": false,
      "derivation": "/nix/store/xj7x9f9c6z1wc7b7hpy8k3w65vb6lfi5-go-1.24.1.drv",
      "description": "Go Programming language",
      "install_id": "go",
      "license": "BSD-3-Clause",
      "locked_url": "https://github.com/flox/nixpkgs?rev=2c8d3f48d33929642c1c12cd243df4cc7d2ce434",
      "name": "go-1.24.1",
      "pname": "go",
      "rev": "2c8d3f48d33929642c1c12cd243df4cc7d2ce434",
      "rev_count": 778048,
      "rev_date": "2025-04-02T08:40:04Z",
      "scrape_date": "2025-04-03T02:04:25.461440Z",
      "stabilities": [
        "unstable"
      ],
      "unfree": false,
      "version": "1.24.1",
      "outputs_to_install": [
        "out"
      ],
      "outputs": {
        "out": "/nix/store/g29rrn8qqlg4yjqv543ryrkimr7fk43h-go-1.24.1"
      },
      "system": "x86_64-linux",
      "group": "toplevel",
      "priority": 5
    }
  ]
}